
Microsoft Visual Studio Solution File, Format Version 12.00
Project("{FAE04EC0-301F-11D3-BF4B-00C04F79EFBC}") = "AI_Hooah", "HooahComponents\AI_Hooah\AI_Hooah.csproj", "{FA13AD0A-6D7C-4FC8-944E-D90E1487FE2A}"
EndProject
Project("{2150E333-8FDC-42A3-9474-1A3956D46DE8}") = "HooahComponent", "HooahComponent", "{AEC1F039-26AD-4317-9C7D-10F8430C05AD}"
EndProject
Project("{FAE04EC0-301F-11D3-BF4B-00C04F79EFBC}") = "HS2_Hooah", "HooahComponents\HS2_Hooah\HS2_Hooah.csproj", "{71C8BB01-0042-4927-B64B-E26E4C9A0550}"
EndProject
Project("{D954291E-2A0B-460D-934E-DC6B0785DB48}") = "IL_Hooah", "HooahComponents\IL_Hooah\IL_Hooah.shproj", "{CA976A82-51E1-4371-9ECA-789B8E529DB5}"
EndProject
Project("{2150E333-8FDC-42A3-9474-1A3956D46DE8}") = "HooahUtility", "HooahUtility", "{5787E613-A86D-4489-AE4A-7C232830D0AE}"
EndProject
Project("{FAE04EC0-301F-11D3-BF4B-00C04F79EFBC}") = "AI_HooahUtility", "HooahUtility\AI_HooahUtility\AI_HooahUtility.csproj", "{CB2C4ED7-1D4D-4AAC-8FD0-A87A122152F0}"
EndProject
Project("{FAE04EC0-301F-11D3-BF4B-00C04F79EFBC}") = "HS2_HooahUtility", "HooahUtility\HS2_HooahUtility\HS2_HooahUtility.csproj", "{86835B6D-753C-4ED5-9241-7866DC5CA3E9}"
EndProject
Project("{FAE04EC0-301F-11D3-BF4B-00C04F79EFBC}") = "UE_HooahUtility", "HooahUtility\UE_HooahUtility\UE_HooahUtility.csproj", "{E8744075-6E49-4E51-8FEE-2B3ECD6DA49E}"
EndProject
Project("{D954291E-2A0B-460D-934E-DC6B0785DB48}") = "AdvancedStudioUI", "HooahUtility\IL_HooahUI\AdvancedStudioUI.shproj", "{BE6232BD-7E8C-40A2-BF59-5FF084413EB2}"
EndProject
Project("{2150E333-8FDC-42A3-9474-1A3956D46DE8}") = "HooahLaunch", "HooahLaunch", "{47A170AE-E972-4635-97E2-E2F510D0EDCA}"
EndProject
Project("{FAE04EC0-301F-11D3-BF4B-00C04F79EFBC}") = "AI_HooahLaunch", "HooahLaunch\AI_HooahLaunch\AI_HooahLaunch.csproj", "{297F9CD0-B3BC-4202-AD7E-A98C5B5AB2F8}"
EndProject
Project("{FAE04EC0-301F-11D3-BF4B-00C04F79EFBC}") = "HS2_HooahLaunch", "HooahLaunch\HS2_HooahLaunch\HS2_HooahLaunch.csproj", "{FD278F63-53E7-4D17-AD36-9B073311BB28}"
EndProject
Project("{D954291E-2A0B-460D-934E-DC6B0785DB48}") = "IL_HooahLaunch", "HooahLaunch\IL_HooahLaunch\IL_HooahLaunch.shproj", "{CF989A89-AF8B-4F59-9C99-83A5FA839DBC}"
EndProject
Project("{FAE04EC0-301F-11D3-BF4B-00C04F79EFBC}") = "AI_HooahSmugFace", "HooahSmugFace\AI_HooahSmugFace\AI_HooahSmugFace.csproj", "{98CC9F66-7AC4-4408-8A28-2516B41D3E1E}"
EndProject
Project("{FAE04EC0-301F-11D3-BF4B-00C04F79EFBC}") = "HS2_HooahSmugFace", "HooahSmugFace\HS2_HooahSmugFace\HS2_HooahSmugFace.csproj", "{6BD4A153-B0A1-46C0-B58E-B88601F627AE}"
EndProject
Project("{D954291E-2A0B-460D-934E-DC6B0785DB48}") = "IL_HooahSmugFace", "HooahSmugFace\IL_HooahSmugFace\IL_HooahSmugFace.shproj", "{9DD01C6E-F631-4B38-9C88-53BDCE6812D3}"
EndProject
Project("{2150E333-8FDC-42A3-9474-1A3956D46DE8}") = "HooahSmugFace", "HooahSmugFace", "{B6727472-986C-4747-8F5F-9589580FC635}"
EndProject
Global
	GlobalSection(SolutionConfigurationPlatforms) = preSolution
		Debug|Any CPU = Debug|Any CPU
		Release|Any CPU = Release|Any CPU
	EndGlobalSection
	GlobalSection(ProjectConfigurationPlatforms) = postSolution
		{FA13AD0A-6D7C-4FC8-944E-D90E1487FE2A}.Debug|Any CPU.ActiveCfg = Debug|Any CPU
		{FA13AD0A-6D7C-4FC8-944E-D90E1487FE2A}.Debug|Any CPU.Build.0 = Debug|Any CPU
		{FA13AD0A-6D7C-4FC8-944E-D90E1487FE2A}.Release|Any CPU.ActiveCfg = Release|Any CPU
		{FA13AD0A-6D7C-4FC8-944E-D90E1487FE2A}.Release|Any CPU.Build.0 = Release|Any CPU
		{71C8BB01-0042-4927-B64B-E26E4C9A0550}.Debug|Any CPU.ActiveCfg = Debug|Any CPU
		{71C8BB01-0042-4927-B64B-E26E4C9A0550}.Debug|Any CPU.Build.0 = Debug|Any CPU
		{71C8BB01-0042-4927-B64B-E26E4C9A0550}.Release|Any CPU.ActiveCfg = Release|Any CPU
		{71C8BB01-0042-4927-B64B-E26E4C9A0550}.Release|Any CPU.Build.0 = Release|Any CPU
		{CB2C4ED7-1D4D-4AAC-8FD0-A87A122152F0}.Debug|Any CPU.ActiveCfg = Debug|Any CPU
		{CB2C4ED7-1D4D-4AAC-8FD0-A87A122152F0}.Debug|Any CPU.Build.0 = Debug|Any CPU
		{CB2C4ED7-1D4D-4AAC-8FD0-A87A122152F0}.Release|Any CPU.ActiveCfg = Release|Any CPU
		{CB2C4ED7-1D4D-4AAC-8FD0-A87A122152F0}.Release|Any CPU.Build.0 = Release|Any CPU
		{86835B6D-753C-4ED5-9241-7866DC5CA3E9}.Debug|Any CPU.ActiveCfg = Debug|Any CPU
		{86835B6D-753C-4ED5-9241-7866DC5CA3E9}.Debug|Any CPU.Build.0 = Debug|Any CPU
		{86835B6D-753C-4ED5-9241-7866DC5CA3E9}.Release|Any CPU.ActiveCfg = Release|Any CPU
		{86835B6D-753C-4ED5-9241-7866DC5CA3E9}.Release|Any CPU.Build.0 = Release|Any CPU
		{E8744075-6E49-4E51-8FEE-2B3ECD6DA49E}.Debug|Any CPU.ActiveCfg = Debug|Any CPU
		{E8744075-6E49-4E51-8FEE-2B3ECD6DA49E}.Debug|Any CPU.Build.0 = Debug|Any CPU
		{E8744075-6E49-4E51-8FEE-2B3ECD6DA49E}.Release|Any CPU.ActiveCfg = Release|Any CPU
		{E8744075-6E49-4E51-8FEE-2B3ECD6DA49E}.Release|Any CPU.Build.0 = Release|Any CPU
		{297F9CD0-B3BC-4202-AD7E-A98C5B5AB2F8}.Debug|Any CPU.ActiveCfg = Debug|Any CPU
		{297F9CD0-B3BC-4202-AD7E-A98C5B5AB2F8}.Debug|Any CPU.Build.0 = Debug|Any CPU
		{297F9CD0-B3BC-4202-AD7E-A98C5B5AB2F8}.Release|Any CPU.ActiveCfg = Release|Any CPU
		{297F9CD0-B3BC-4202-AD7E-A98C5B5AB2F8}.Release|Any CPU.Build.0 = Release|Any CPU
		{FD278F63-53E7-4D17-AD36-9B073311BB28}.Debug|Any CPU.ActiveCfg = Debug|Any CPU
		{FD278F63-53E7-4D17-AD36-9B073311BB28}.Debug|Any CPU.Build.0 = Debug|Any CPU
		{FD278F63-53E7-4D17-AD36-9B073311BB28}.Release|Any CPU.ActiveCfg = Release|Any CPU
		{FD278F63-53E7-4D17-AD36-9B073311BB28}.Release|Any CPU.Build.0 = Release|Any CPU
		{98CC9F66-7AC4-4408-8A28-2516B41D3E1E}.Debug|Any CPU.ActiveCfg = Debug|Any CPU
		{98CC9F66-7AC4-4408-8A28-2516B41D3E1E}.Debug|Any CPU.Build.0 = Debug|Any CPU
		{98CC9F66-7AC4-4408-8A28-2516B41D3E1E}.Release|Any CPU.ActiveCfg = Release|Any CPU
		{98CC9F66-7AC4-4408-8A28-2516B41D3E1E}.Release|Any CPU.Build.0 = Release|Any CPU
		{6BD4A153-B0A1-46C0-B58E-B88601F627AE}.Debug|Any CPU.ActiveCfg = Debug|Any CPU
		{6BD4A153-B0A1-46C0-B58E-B88601F627AE}.Debug|Any CPU.Build.0 = Debug|Any CPU
		{6BD4A153-B0A1-46C0-B58E-B88601F627AE}.Release|Any CPU.ActiveCfg = Release|Any CPU
		{6BD4A153-B0A1-46C0-B58E-B88601F627AE}.Release|Any CPU.Build.0 = Release|Any CPU
		{86DEB450-8AE1-B52F-9C46-46215499AE90}.Debug|Any CPU.ActiveCfg = Debug|Any CPU
		{86DEB450-8AE1-B52F-9C46-46215499AE90}.Debug|Any CPU.Build.0 = Debug|Any CPU
		{86DEB450-8AE1-B52F-9C46-46215499AE90}.Release|Any CPU.ActiveCfg = Release|Any CPU
		{86DEB450-8AE1-B52F-9C46-46215499AE90}.Release|Any CPU.Build.0 = Release|Any CPU
	EndGlobalSection
	GlobalSection(NestedProjects) = preSolution
		{FA13AD0A-6D7C-4FC8-944E-D90E1487FE2A} = {AEC1F039-26AD-4317-9C7D-10F8430C05AD}
		{71C8BB01-0042-4927-B64B-E26E4C9A0550} = {AEC1F039-26AD-4317-9C7D-10F8430C05AD}
		{CA976A82-51E1-4371-9ECA-789B8E529DB5} = {AEC1F039-26AD-4317-9C7D-10F8430C05AD}
		{CB2C4ED7-1D4D-4AAC-8FD0-A87A122152F0} = {5787E613-A86D-4489-AE4A-7C232830D0AE}
		{86835B6D-753C-4ED5-9241-7866DC5CA3E9} = {5787E613-A86D-4489-AE4A-7C232830D0AE}
		{E8744075-6E49-4E51-8FEE-2B3ECD6DA49E} = {5787E613-A86D-4489-AE4A-7C232830D0AE}
		{BE6232BD-7E8C-40A2-BF59-5FF084413EB2} = {5787E613-A86D-4489-AE4A-7C232830D0AE}
		{297F9CD0-B3BC-4202-AD7E-A98C5B5AB2F8} = {47A170AE-E972-4635-97E2-E2F510D0EDCA}
		{FD278F63-53E7-4D17-AD36-9B073311BB28} = {47A170AE-E972-4635-97E2-E2F510D0EDCA}
		{CF989A89-AF8B-4F59-9C99-83A5FA839DBC} = {47A170AE-E972-4635-97E2-E2F510D0EDCA}
		{98CC9F66-7AC4-4408-8A28-2516B41D3E1E} = {B6727472-986C-4747-8F5F-9589580FC635}
		{6BD4A153-B0A1-46C0-B58E-B88601F627AE} = {B6727472-986C-4747-8F5F-9589580FC635}
		{9DD01C6E-F631-4B38-9C88-53BDCE6812D3} = {B6727472-986C-4747-8F5F-9589580FC635}
	EndGlobalSection
EndGlobal
